
Microsoft Visual Studio Solution File, Format Version 12.00
# Visual Studio Version 17
VisualStudioVersion = 17.8.34330.188
MinimumVisualStudioVersion = 10.0.40219.1
Project("{2150E333-8FDC-42A3-9474-1A3956D46DE8}") = "1. Distributed Services", "1. Distributed Services", "{91C627BC-8B2A-4A32-8D69-33FFE85C16AE}"
EndProject
Project("{2150E333-8FDC-42A3-9474-1A3956D46DE8}") = "2. Application", "2. Application", "{497963C1-FE56-4D5C-8533-B92A0AE3B421}"
EndProject
Project("{2150E333-8FDC-42A3-9474-1A3956D46DE8}") = "3. Domain", "3. Domain", "{D3C69A19-C63D-49D9-986C-380DF7997589}"
EndProject
Project("{2150E333-8FDC-42A3-9474-1A3956D46DE8}") = "4. Infra", "4. Infra", "{F88319AF-1CB8-4D15-B9D6-6A7C2F8F579C}"
EndProject
Project("{9A19103F-16F7-4668-BE54-9A1E7A4F7556}") = "HOTELINKA.API", "HOTELINKA.API\HOTELINKA.API.csproj", "{B49B28F8-3D48-41A8-AB3F-3D59B8A61799}"
EndProject
Project("{9A19103F-16F7-4668-BE54-9A1E7A4F7556}") = "HOTELINKA.DOMAIN", "HOTELINKA.DOMAIN\HOTELINKA.DOMAIN.csproj", "{3FC400CC-3E25-4093-911E-1520A8DE2F9E}"
EndProject
Project("{9A19103F-16F7-4668-BE54-9A1E7A4F7556}") = "HOTELINKA.REPOSITORY", "HOTELINKA.REPOSITORY\HOTELINKA.REPOSITORY.csproj", "{2065415B-2326-43C1-A056-7A7449AED4E8}"
EndProject
Project("{9A19103F-16F7-4668-BE54-9A1E7A4F7556}") = "HOTELINKA.APPLICATION", "HOTELINKA.APPLICATION\HOTELINKA.APPLICATION.csproj", "{CCE74126-67B2-4C46-AA90-F72EBE461AD8}"
EndProject
Project("{9A19103F-16F7-4668-BE54-9A1E7A4F7556}") = "HOTELINKA.DTO", "HOTELINKA.DTO\HOTELINKA.DTO.csproj", "{BA31811E-7027-417B-BA66-D1CF069BF45D}"
EndProject
Project("{FAE04EC0-301F-11D3-BF4B-00C04F79EFBC}") = "HOTELINKA.EXTENSIONS", "HOTELINKA.EXTENSIONS\HOTELINKA.EXTENSIONS.csproj", "{850446E7-124C-495E-8A80-4DE43D125FEC}"
EndProject
Global
	GlobalSection(SolutionConfigurationPlatforms) = preSolution
		Debug|Any CPU = Debug|Any CPU
		Release|Any CPU = Release|Any CPU
	EndGlobalSection
	GlobalSection(ProjectConfigurationPlatforms) = postSolution
		{B49B28F8-3D48-41A8-AB3F-3D59B8A61799}.Debug|Any CPU.ActiveCfg = Debug|Any CPU
		{B49B28F8-3D48-41A8-AB3F-3D59B8A61799}.Debug|Any CPU.Build.0 = Debug|Any CPU
		{B49B28F8-3D48-41A8-AB3F-3D59B8A61799}.Release|Any CPU.ActiveCfg = Release|Any CPU
		{B49B28F8-3D48-41A8-AB3F-3D59B8A61799}.Release|Any CPU.Build.0 = Release|Any CPU
		{3FC400CC-3E25-4093-911E-1520A8DE2F9E}.Debug|Any CPU.ActiveCfg = Debug|Any CPU
		{3FC400CC-3E25-4093-911E-1520A8DE2F9E}.Debug|Any CPU.Build.0 = Debug|Any CPU
		{3FC400CC-3E25-4093-911E-1520A8DE2F9E}.Release|Any CPU.ActiveCfg = Release|Any CPU
		{3FC400CC-3E25-4093-911E-1520A8DE2F9E}.Release|Any CPU.Build.0 = Release|Any CPU
		{2065415B-2326-43C1-A056-7A7449AED4E8}.Debug|Any CPU.ActiveCfg = Debug|Any CPU
		{2065415B-2326-43C1-A056-7A7449AED4E8}.Debug|Any CPU.Build.0 = Debug|Any CPU
		{2065415B-2326-43C1-A056-7A7449AED4E8}.Release|Any CPU.ActiveCfg = Release|Any CPU
		{2065415B-2326-43C1-A056-7A7449AED4E8}.Release|Any CPU.Build.0 = Release|Any CPU
		{CCE74126-67B2-4C46-AA90-F72EBE461AD8}.Debug|Any CPU.ActiveCfg = Debug|Any CPU
		{CCE74126-67B2-4C46-AA90-F72EBE461AD8}.Debug|Any CPU.Build.0 = Debug|Any CPU
		{CCE74126-67B2-4C46-AA90-F72EBE461AD8}.Release|Any CPU.ActiveCfg = Release|Any CPU
		{CCE74126-67B2-4C46-AA90-F72EBE461AD8}.Release|Any CPU.Build.0 = Release|Any CPU
		{BA31811E-7027-417B-BA66-D1CF069BF45D}.Debug|Any CPU.ActiveCfg = Debug|Any CPU
		{BA31811E-7027-417B-BA66-D1CF069BF45D}.Debug|Any CPU.Build.0 = Debug|Any CPU
		{BA31811E-7027-417B-BA66-D1CF069BF45D}.Release|Any CPU.ActiveCfg = Release|Any CPU
		{BA31811E-7027-417B-BA66-D1CF069BF45D}.Release|Any CPU.Build.0 = Release|Any CPU
		{850446E7-124C-495E-8A80-4DE43D125FEC}.Debug|Any CPU.ActiveCfg = Debug|Any CPU
		{850446E7-124C-495E-8A80-4DE43D125FEC}.Debug|Any CPU.Build.0 = Debug|Any CPU
		{850446E7-124C-495E-8A80-4DE43D125FEC}.Release|Any CPU.ActiveCfg = Release|Any CPU
		{850446E7-124C-495E-8A80-4DE43D125FEC}.Release|Any CPU.Build.0 = Release|Any CPU
	EndGlobalSection
	GlobalSection(SolutionProperties) = preSolution
		HideSolutionNode = FALSE
	EndGlobalSection
	GlobalSection(NestedProjects) = preSolution
		{B49B28F8-3D48-41A8-AB3F-3D59B8A61799} = {91C627BC-8B2A-4A32-8D69-33FFE85C16AE}
		{3FC400CC-3E25-4093-911E-1520A8DE2F9E} = {D3C69A19-C63D-49D9-986C-380DF7997589}
		{2065415B-2326-43C1-A056-7A7449AED4E8} = {F88319AF-1CB8-4D15-B9D6-6A7C2F8F579C}
		{CCE74126-67B2-4C46-AA90-F72EBE461AD8} = {497963C1-FE56-4D5C-8533-B92A0AE3B421}
		{BA31811E-7027-417B-BA66-D1CF069BF45D} = {F88319AF-1CB8-4D15-B9D6-6A7C2F8F579C}
		{850446E7-124C-495E-8A80-4DE43D125FEC} = {F88319AF-1CB8-4D15-B9D6-6A7C2F8F579C}
	EndGlobalSection
	GlobalSection(ExtensibilityGlobals) = postSolution
		SolutionGuid = {811E250B-FF78-4201-85D4-2C3C2B293A3E}
	EndGlobalSection
EndGlobal
